// !$*UTF8*$!
{
	archiveVersion = 1;
	classes = {
	};
	objectVersion = 50;
	objects = {

/* Begin PBXBuildFile section */
		8A00798F26B9285000793ADC /* LocationAPI.swift in Sources */ = {isa = PBXBuildFile; fileRef = 8A00798E26B9285000793ADC /* LocationAPI.swift */; };
		8A2888EF26C7773A0000184C /* SearchFieldView.swift in Sources */ = {isa = PBXBuildFile; fileRef = 8A2888EE26C7773A0000184C /* SearchFieldView.swift */; };
		8A2888F326C80A2C0000184C /* NearLocationLabelView.swift in Sources */ = {isa = PBXBuildFile; fileRef = 8A2888F226C80A2C0000184C /* NearLocationLabelView.swift */; };
		8A2888F626C83FED0000184C /* ListStore.swift in Sources */ = {isa = PBXBuildFile; fileRef = 8A2888F526C83FED0000184C /* ListStore.swift */; };
		8A6E198C26A5DD6500E169C1 /* Localizable.strings in Resources */ = {isa = PBXBuildFile; fileRef = 8A6E198E26A5DD6500E169C1 /* Localizable.strings */; };
		8A70470726A6DAF9007AED77 /* LocationIndicatorManager.swift in Sources */ = {isa = PBXBuildFile; fileRef = 8A70470626A6DAF9007AED77 /* LocationIndicatorManager.swift */; };
		8A84519026A8219B0025573B /* LocationStoreDevData.swift in Sources */ = {isa = PBXBuildFile; fileRef = 8A84518F26A8219B0025573B /* LocationStoreDevData.swift */; };
		8A966E6526C5FE7100BDEFD8 /* Addresses.plist in Resources */ = {isa = PBXBuildFile; fileRef = 8A966E6426C5FE7100BDEFD8 /* Addresses.plist */; };
		8ADD1BE726AD3518001F6178 /* LocationManager.swift in Sources */ = {isa = PBXBuildFile; fileRef = 8ADD1BE626AD3518001F6178 /* LocationManager.swift */; };
		8AF8718326C4BC310087A946 /* NearLocationView.swift in Sources */ = {isa = PBXBuildFile; fileRef = 8AF8718226C4BC310087A946 /* NearLocationView.swift */; };
		8AF8718526C5B15E0087A946 /* PlistManager.swift in Sources */ = {isa = PBXBuildFile; fileRef = 8AF8718426C5B15E0087A946 /* PlistManager.swift */; };
		8AFBF32026A4424E00261CC7 /* CarrotMarketApp.swift in Sources */ = {isa = PBXBuildFile; fileRef = 8AFBF31F26A4424E00261CC7 /* CarrotMarketApp.swift */; };
		8AFBF32226A4424E00261CC7 /* ContentView.swift in Sources */ = {isa = PBXBuildFile; fileRef = 8AFBF32126A4424E00261CC7 /* ContentView.swift */; };
		8AFBF32426A4424E00261CC7 /* Assets.xcassets in Resources */ = {isa = PBXBuildFile; fileRef = 8AFBF32326A4424E00261CC7 /* Assets.xcassets */; };
		8AFBF32726A4424E00261CC7 /* Preview Assets.xcassets in Resources */ = {isa = PBXBuildFile; fileRef = 8AFBF32626A4424E00261CC7 /* Preview Assets.xcassets */; };
		8AFBF33426A442EB00261CC7 /* LegalDong.swift in Sources */ = {isa = PBXBuildFile; fileRef = 8AFBF33326A442EB00261CC7 /* LegalDong.swift */; };
		8AFBF33626A4431300261CC7 /* AddressStore.swift in Sources */ = {isa = PBXBuildFile; fileRef = 8AFBF33526A4431300261CC7 /* AddressStore.swift */; };
		8AFBF33826A4433C00261CC7 /* MyAreaSetupView.swift in Sources */ = {isa = PBXBuildFile; fileRef = 8AFBF33726A4433C00261CC7 /* MyAreaSetupView.swift */; };
		8AFBF33A26A4434800261CC7 /* AreaSearchView.swift in Sources */ = {isa = PBXBuildFile; fileRef = 8AFBF33926A4434800261CC7 /* AreaSearchView.swift */; };
		8AFBF33C26A4435200261CC7 /* HeaderView.swift in Sources */ = {isa = PBXBuildFile; fileRef = 8AFBF33B26A4435200261CC7 /* HeaderView.swift */; };
		8AFBF33E26A4435E00261CC7 /* CurrentLocationButton.swift in Sources */ = {isa = PBXBuildFile; fileRef = 8AFBF33D26A4435E00261CC7 /* CurrentLocationButton.swift */; };
/* End PBXBuildFile section */

/* Begin PBXFileReference section */
		8A00798E26B9285000793ADC /* LocationAPI.swift */ = {isa = PBXFileReference; lastKnownFileType = sourcecode.swift; path = LocationAPI.swift; sourceTree = "<group>"; };
		8A2888EE26C7773A0000184C /* SearchFieldView.swift */ = {isa = PBXFileReference; lastKnownFileType = sourcecode.swift; path = SearchFieldView.swift; sourceTree = "<group>"; };
		8A2888F226C80A2C0000184C /* NearLocationLabelView.swift */ = {isa = PBXFileReference; lastKnownFileType = sourcecode.swift; path = NearLocationLabelView.swift; sourceTree = "<group>"; };
		8A2888F526C83FED0000184C /* ListStore.swift */ = {isa = PBXFileReference; lastKnownFileType = sourcecode.swift; path = ListStore.swift; sourceTree = "<group>"; };
		8A686CEE26A5DE2E00A46148 /* ko */ = {isa = PBXFileReference; lastKnownFileType = text.plist.strings; name = ko; path = ko.lproj/Localizable.strings; sourceTree = "<group>"; };
		8A6E198D26A5DD6500E169C1 /* en */ = {isa = PBXFileReference; lastKnownFileType = text.plist.strings; name = en; path = en.lproj/Localizable.strings; sourceTree = "<group>"; };
		8A70470626A6DAF9007AED77 /* LocationIndicatorManager.swift */ = {isa = PBXFileReference; lastKnownFileType = sourcecode.swift; path = LocationIndicatorManager.swift; sourceTree = "<group>"; };
		8A84518F26A8219B0025573B /* LocationStoreDevData.swift */ = {isa = PBXFileReference; lastKnownFileType = sourcecode.swift; path = LocationStoreDevData.swift; sourceTree = "<group>"; };
		8A966E6426C5FE7100BDEFD8 /* Addresses.plist */ = {isa = PBXFileReference; fileEncoding = 4; lastKnownFileType = text.plist.xml; path = Addresses.plist; sourceTree = "<group>"; };
		8AC2037226BA1EA300740EBE /* Config.xcconfig */ = {isa = PBXFileReference; lastKnownFileType = text.xcconfig; path = Config.xcconfig; sourceTree = "<group>"; };
		8ADD1BE626AD3518001F6178 /* LocationManager.swift */ = {isa = PBXFileReference; lastKnownFileType = sourcecode.swift; path = LocationManager.swift; sourceTree = "<group>"; };
		8AF8718226C4BC310087A946 /* NearLocationView.swift */ = {isa = PBXFileReference; lastKnownFileType = sourcecode.swift; path = NearLocationView.swift; sourceTree = "<group>"; };
		8AF8718426C5B15E0087A946 /* PlistManager.swift */ = {isa = PBXFileReference; lastKnownFileType = sourcecode.swift; path = PlistManager.swift; sourceTree = "<group>"; };
		8AFBF31C26A4424E00261CC7 /* CarrotMarket.app */ = {isa = PBXFileReference; explicitFileType = wrapper.application; includeInIndex = 0; path = CarrotMarket.app; sourceTree = BUILT_PRODUCTS_DIR; };
		8AFBF31F26A4424E00261CC7 /* CarrotMarketApp.swift */ = {isa = PBXFileReference; lastKnownFileType = sourcecode.swift; path = CarrotMarketApp.swift; sourceTree = "<group>"; };
		8AFBF32126A4424E00261CC7 /* ContentView.swift */ = {isa = PBXFileReference; lastKnownFileType = sourcecode.swift; path = ContentView.swift; sourceTree = "<group>"; };
		8AFBF32326A4424E00261CC7 /* Assets.xcassets */ = {isa = PBXFileReference; lastKnownFileType = folder.assetcatalog; path = Assets.xcassets; sourceTree = "<group>"; };
		8AFBF32626A4424E00261CC7 /* Preview Assets.xcassets */ = {isa = PBXFileReference; lastKnownFileType = folder.assetcatalog; path = "Preview Assets.xcassets"; sourceTree = "<group>"; };
		8AFBF32826A4424E00261CC7 /* Info.plist */ = {isa = PBXFileReference; lastKnownFileType = text.plist.xml; path = Info.plist; sourceTree = "<group>"; };
		8AFBF33326A442EB00261CC7 /* LegalDong.swift */ = {isa = PBXFileReference; lastKnownFileType = sourcecode.swift; path = LegalDong.swift; sourceTree = "<group>"; };
		8AFBF33526A4431300261CC7 /* AddressStore.swift */ = {isa = PBXFileReference; lastKnownFileType = sourcecode.swift; path = AddressStore.swift; sourceTree = "<group>"; };
		8AFBF33726A4433C00261CC7 /* MyAreaSetupView.swift */ = {isa = PBXFileReference; lastKnownFileType = sourcecode.swift; path = MyAreaSetupView.swift; sourceTree = "<group>"; };
		8AFBF33926A4434800261CC7 /* AreaSearchView.swift */ = {isa = PBXFileReference; lastKnownFileType = sourcecode.swift; path = AreaSearchView.swift; sourceTree = "<group>"; };
		8AFBF33B26A4435200261CC7 /* HeaderView.swift */ = {isa = PBXFileReference; lastKnownFileType = sourcecode.swift; path = HeaderView.swift; sourceTree = "<group>"; };
		8AFBF33D26A4435E00261CC7 /* CurrentLocationButton.swift */ = {isa = PBXFileReference; lastKnownFileType = sourcecode.swift; path = CurrentLocationButton.swift; sourceTree = "<group>"; };
/* End PBXFileReference section */

/* Begin PBXFrameworksBuildPhase section */
		8AFBF31926A4424E00261CC7 /* Frameworks */ = {
			isa = PBXFrameworksBuildPhase;
			buildActionMask = 2147483647;
			files = (
			);
			runOnlyForDeploymentPostprocessing = 0;
		};
/* End PBXFrameworksBuildPhase section */

/* Begin PBXGroup section */
		8A2888ED26C777250000184C /* AreaSearchPage */ = {
			isa = PBXGroup;
			children = (
				8AFBF33926A4434800261CC7 /* AreaSearchView.swift */,
				8A2888EE26C7773A0000184C /* SearchFieldView.swift */,
				8AFBF33D26A4435E00261CC7 /* CurrentLocationButton.swift */,
			);
			path = AreaSearchPage;
			sourceTree = "<group>";
		};
		8A2888F426C80A8F0000184C /* MyAreaSetupPage */ = {
			isa = PBXGroup;
			children = (
				8AFBF33B26A4435200261CC7 /* HeaderView.swift */,
				8AFBF33726A4433C00261CC7 /* MyAreaSetupView.swift */,
				8A2888F226C80A2C0000184C /* NearLocationLabelView.swift */,
				8AF8718226C4BC310087A946 /* NearLocationView.swift */,
			);
			path = MyAreaSetupPage;
			sourceTree = "<group>";
		};
		8A2EF34226B9AA0C0069CF2B /* Configurations */ = {
			isa = PBXGroup;
			children = (
			);
			path = Configurations;
			sourceTree = "<group>";
		};
		8AFBF31326A4424E00261CC7 = {
			isa = PBXGroup;
			children = (
				8AFBF31E26A4424E00261CC7 /* CarrotMarket */,
				8AFBF31D26A4424E00261CC7 /* Products */,
			);
			sourceTree = "<group>";
		};
		8AFBF31D26A4424E00261CC7 /* Products */ = {
			isa = PBXGroup;
			children = (
				8AFBF31C26A4424E00261CC7 /* CarrotMarket.app */,
			);
			name = Products;
			sourceTree = "<group>";
		};
		8AFBF31E26A4424E00261CC7 /* CarrotMarket */ = {
			isa = PBXGroup;
			children = (
				8A966E6426C5FE7100BDEFD8 /* Addresses.plist */,
				8AFBF33026A4428A00261CC7 /* Resource */,
				8AFBF31F26A4424E00261CC7 /* CarrotMarketApp.swift */,
				8AFBF32E26A4426000261CC7 /* Views */,
				8AFBF32F26A4426B00261CC7 /* Model */,
				8A2EF34226B9AA0C0069CF2B /* Configurations */,
				8AFBF32326A4424E00261CC7 /* Assets.xcassets */,
				8AFBF32826A4424E00261CC7 /* Info.plist */,
				8AC2037226BA1EA300740EBE /* Config.xcconfig */,
				8AFBF32526A4424E00261CC7 /* Preview Content */,
				8A6E198E26A5DD6500E169C1 /* Localizable.strings */,
			);
			path = CarrotMarket;
			sourceTree = "<group>";
		};
		8AFBF32526A4424E00261CC7 /* Preview Content */ = {
			isa = PBXGroup;
			children = (
				8AFBF32626A4424E00261CC7 /* Preview Assets.xcassets */,
				8A84518F26A8219B0025573B /* LocationStoreDevData.swift */,
			);
			path = "Preview Content";
			sourceTree = "<group>";
		};
		8AFBF32E26A4426000261CC7 /* Views */ = {
			isa = PBXGroup;
			children = (
				8AFBF32126A4424E00261CC7 /* ContentView.swift */,
				8A2888F426C80A8F0000184C /* MyAreaSetupPage */,
				8A2888ED26C777250000184C /* AreaSearchPage */,
			);
			path = Views;
			sourceTree = "<group>";
		};
		8AFBF32F26A4426B00261CC7 /* Model */ = {
			isa = PBXGroup;
			children = (
				8AFBF33326A442EB00261CC7 /* LegalDong.swift */,
				8AFBF33526A4431300261CC7 /* AddressStore.swift */,
				8A2888F526C83FED0000184C /* ListStore.swift */,
				8A70470626A6DAF9007AED77 /* LocationIndicatorManager.swift */,
				8ADD1BE626AD3518001F6178 /* LocationManager.swift */,
				8A00798E26B9285000793ADC /* LocationAPI.swift */,
				8AF8718426C5B15E0087A946 /* PlistManager.swift */,
			);
			path = Model;
			sourceTree = "<group>";
		};
		8AFBF33026A4428A00261CC7 /* Resource */ = {
			isa = PBXGroup;
			children = (
			);
			path = Resource;
			sourceTree = "<group>";
		};
/* End PBXGroup section */

/* Begin PBXNativeTarget section */
		8AFBF31B26A4424E00261CC7 /* CarrotMarket */ = {
			isa = PBXNativeTarget;
			buildConfigurationList = 8AFBF32B26A4424E00261CC7 /* Build configuration list for PBXNativeTarget "CarrotMarket" */;
			buildPhases = (
				8AFBF31826A4424E00261CC7 /* Sources */,
				8AFBF31926A4424E00261CC7 /* Frameworks */,
				8AFBF31A26A4424E00261CC7 /* Resources */,
			);
			buildRules = (
			);
			dependencies = (
			);
			name = CarrotMarket;
			packageProductDependencies = (
			);
			productName = CarrotMarket;
			productReference = 8AFBF31C26A4424E00261CC7 /* CarrotMarket.app */;
			productType = "com.apple.product-type.application";
		};
/* End PBXNativeTarget section */

/* Begin PBXProject section */
		8AFBF31426A4424E00261CC7 /* Project object */ = {
			isa = PBXProject;
			attributes = {
				LastSwiftUpdateCheck = 1250;
				LastUpgradeCheck = 1250;
				TargetAttributes = {
					8AFBF31B26A4424E00261CC7 = {
						CreatedOnToolsVersion = 12.5.1;
					};
				};
			};
			buildConfigurationList = 8AFBF31726A4424E00261CC7 /* Build configuration list for PBXProject "CarrotMarket" */;
			compatibilityVersion = "Xcode 9.3";
			developmentRegion = en;
			hasScannedForEncodings = 0;
			knownRegions = (
				en,
				Base,
				ko,
			);
			mainGroup = 8AFBF31326A4424E00261CC7;
			packageReferences = (
			);
			productRefGroup = 8AFBF31D26A4424E00261CC7 /* Products */;
			projectDirPath = "";
			projectRoot = "";
			targets = (
				8AFBF31B26A4424E00261CC7 /* CarrotMarket */,
			);
		};
/* End PBXProject section */

/* Begin PBXResourcesBuildPhase section */
		8AFBF31A26A4424E00261CC7 /* Resources */ = {
			isa = PBXResourcesBuildPhase;
			buildActionMask = 2147483647;
			files = (
				8A6E198C26A5DD6500E169C1 /* Localizable.strings in Resources */,
				8AFBF32726A4424E00261CC7 /* Preview Assets.xcassets in Resources */,
				8AFBF32426A4424E00261CC7 /* Assets.xcassets in Resources */,
				8A966E6526C5FE7100BDEFD8 /* Addresses.plist in Resources */,
			);
			runOnlyForDeploymentPostprocessing = 0;
		};
/* End PBXResourcesBuildPhase section */

/* Begin PBXSourcesBuildPhase section */
		8AFBF31826A4424E00261CC7 /* Sources */ = {
			isa = PBXSourcesBuildPhase;
			buildActionMask = 2147483647;
			files = (
				8AFBF33826A4433C00261CC7 /* MyAreaSetupView.swift in Sources */,
				8AFBF32226A4424E00261CC7 /* ContentView.swift in Sources */,
				8AFBF32026A4424E00261CC7 /* CarrotMarketApp.swift in Sources */,
				8A2888F326C80A2C0000184C /* NearLocationLabelView.swift in Sources */,
				8ADD1BE726AD3518001F6178 /* LocationManager.swift in Sources */,
				8AFBF33426A442EB00261CC7 /* LegalDong.swift in Sources */,
				8AFBF33626A4431300261CC7 /* AddressStore.swift in Sources */,
				8AF8718326C4BC310087A946 /* NearLocationView.swift in Sources */,
				8AFBF33A26A4434800261CC7 /* AreaSearchView.swift in Sources */,
				8AF8718526C5B15E0087A946 /* PlistManager.swift in Sources */,
				8AFBF33E26A4435E00261CC7 /* CurrentLocationButton.swift in Sources */,
				8AFBF33C26A4435200261CC7 /* HeaderView.swift in Sources */,
				8A84519026A8219B0025573B /* LocationStoreDevData.swift in Sources */,
				8A70470726A6DAF9007AED77 /* LocationIndicatorManager.swift in Sources */,
				8A00798F26B9285000793ADC /* LocationAPI.swift in Sources */,
				8A2888F626C83FED0000184C /* ListStore.swift in Sources */,
				8A2888EF26C7773A0000184C /* SearchFieldView.swift in Sources */,
			);
			runOnlyForDeploymentPostprocessing = 0;
		};
/* End PBXSourcesBuildPhase section */

/* Begin PBXVariantGroup section */
		8A6E198E26A5DD6500E169C1 /* Localizable.strings */ = {
			isa = PBXVariantGroup;
			children = (
				8A6E198D26A5DD6500E169C1 /* en */,
				8A686CEE26A5DE2E00A46148 /* ko */,
			);
			name = Localizable.strings;
			sourceTree = "<group>";
		};
/* End PBXVariantGroup section */

/* Begin XCBuildConfiguration section */
		8AFBF32926A4424E00261CC7 /* Debug */ = {
			isa = XCBuildConfiguration;
			baseConfigurationReference = 8AC2037226BA1EA300740EBE /* Config.xcconfig */;
			buildSettings = {
				ALWAYS_SEARCH_USER_PATHS = NO;
				CLANG_ANALYZER_LOCALIZABILITY_NONLOCALIZED = YES;
				CLANG_ANALYZER_NONNULL = YES;
				CLANG_ANALYZER_NUMBER_OBJECT_CONVERSION = YES_AGGRESSIVE;
				CLANG_CXX_LANGUAGE_STANDARD = "gnu++14";
				CLANG_CXX_LIBRARY = "libc++";
				CLANG_ENABLE_MODULES = YES;
				CLANG_ENABLE_OBJC_ARC = YES;
				CLANG_ENABLE_OBJC_WEAK = YES;
				CLANG_WARN_BLOCK_CAPTURE_AUTORELEASING = YES;
				CLANG_WARN_BOOL_CONVERSION = YES;
				CLANG_WARN_COMMA = YES;
				CLANG_WARN_CONSTANT_CONVERSION = YES;
				CLANG_WARN_DEPRECATED_OBJC_IMPLEMENTATIONS = YES;
				CLANG_WARN_DIRECT_OBJC_ISA_USAGE = YES_ERROR;
				CLANG_WARN_DOCUMENTATION_COMMENTS = YES;
				CLANG_WARN_EMPTY_BODY = YES;
				CLANG_WARN_ENUM_CONVERSION = YES;
				CLANG_WARN_INFINITE_RECURSION = YES;
				CLANG_WARN_INT_CONVERSION = YES;
				CLANG_WARN_NON_LITERAL_NULL_CONVERSION = YES;
				CLANG_WARN_OBJC_IMPLICIT_RETAIN_SELF = YES;
				CLANG_WARN_OBJC_LITERAL_CONVERSION = YES;
				CLANG_WARN_OBJC_ROOT_CLASS = YES_ERROR;
				CLANG_WARN_QUOTED_INCLUDE_IN_FRAMEWORK_HEADER = YES;
				CLANG_WARN_RANGE_LOOP_ANALYSIS = YES;
				CLANG_WARN_STRICT_PROTOTYPES = YES;
				CLANG_WARN_SUSPICIOUS_MOVE = YES;
				CLANG_WARN_UNGUARDED_AVAILABILITY = YES_AGGRESSIVE;
				CLANG_WARN_UNREACHABLE_CODE = YES;
				CLANG_WARN__DUPLICATE_METHOD_MATCH = YES;
				COPY_PHASE_STRIP = NO;
				DEBUG_INFORMATION_FORMAT = dwarf;
				ENABLE_STRICT_OBJC_MSGSEND = YES;
				ENABLE_TESTABILITY = YES;
				GCC_C_LANGUAGE_STANDARD = gnu11;
				GCC_DYNAMIC_NO_PIC = NO;
				GCC_NO_COMMON_BLOCKS = YES;
				GCC_OPTIMIZATION_LEVEL = 0;
				GCC_PREPROCESSOR_DEFINITIONS = (
					"DEBUG=1",
					"$(inherited)",
				);
				GCC_WARN_64_TO_32_BIT_CONVERSION = YES;
				GCC_WARN_ABOUT_RETURN_TYPE = YES_ERROR;
				GCC_WARN_UNDECLARED_SELECTOR = YES;
				GCC_WARN_UNINITIALIZED_AUTOS = YES_AGGRESSIVE;
				GCC_WARN_UNUSED_FUNCTION = YES;
				GCC_WARN_UNUSED_VARIABLE = YES;
				IPHONEOS_DEPLOYMENT_TARGET = 13.0;
				MTL_ENABLE_DEBUG_INFO = INCLUDE_SOURCE;
				MTL_FAST_MATH = YES;
				ONLY_ACTIVE_ARCH = YES;
				SDKROOT = iphoneos;
				SWIFT_ACTIVE_COMPILATION_CONDITIONS = DEBUG;
				SWIFT_OPTIMIZATION_LEVEL = "-Onone";
			};
			name = Debug;
		};
		8AFBF32A26A4424E00261CC7 /* Release */ = {
			isa = XCBuildConfiguration;
			baseConfigurationReference = 8AC2037226BA1EA300740EBE /* Config.xcconfig */;
			buildSettings = {
				ALWAYS_SEARCH_USER_PATHS = NO;
				CLANG_ANALYZER_LOCALIZABILITY_NONLOCALIZED = YES;
				CLANG_ANALYZER_NONNULL = YES;
				CLANG_ANALYZER_NUMBER_OBJECT_CONVERSION = YES_AGGRESSIVE;
				CLANG_CXX_LANGUAGE_STANDARD = "gnu++14";
				CLANG_CXX_LIBRARY = "libc++";
				CLANG_ENABLE_MODULES = YES;
				CLANG_ENABLE_OBJC_ARC = YES;
				CLANG_ENABLE_OBJC_WEAK = YES;
				CLANG_WARN_BLOCK_CAPTURE_AUTORELEASING = YES;
				CLANG_WARN_BOOL_CONVERSION = YES;
				CLANG_WARN_COMMA = YES;
				CLANG_WARN_CONSTANT_CONVERSION = YES;
				CLANG_WARN_DEPRECATED_OBJC_IMPLEMENTATIONS = YES;
				CLANG_WARN_DIRECT_OBJC_ISA_USAGE = YES_ERROR;
				CLANG_WARN_DOCUMENTATION_COMMENTS = YES;
				CLANG_WARN_EMPTY_BODY = YES;
				CLANG_WARN_ENUM_CONVERSION = YES;
				CLANG_WARN_INFINITE_RECURSION = YES;
				CLANG_WARN_INT_CONVERSION = YES;
				CLANG_WARN_NON_LITERAL_NULL_CONVERSION = YES;
				CLANG_WARN_OBJC_IMPLICIT_RETAIN_SELF = YES;
				CLANG_WARN_OBJC_LITERAL_CONVERSION = YES;
				CLANG_WARN_OBJC_ROOT_CLASS = YES_ERROR;
				CLANG_WARN_QUOTED_INCLUDE_IN_FRAMEWORK_HEADER = YES;
				CLANG_WARN_RANGE_LOOP_ANALYSIS = YES;
				CLANG_WARN_STRICT_PROTOTYPES = YES;
				CLANG_WARN_SUSPICIOUS_MOVE = YES;
				CLANG_WARN_UNGUARDED_AVAILABILITY = YES_AGGRESSIVE;
				CLANG_WARN_UNREACHABLE_CODE = YES;
				CLANG_WARN__DUPLICATE_METHOD_MATCH = YES;
				COPY_PHASE_STRIP = NO;
				DEBUG_INFORMATION_FORMAT = "dwarf-with-dsym";
				ENABLE_NS_ASSERTIONS = NO;
				ENABLE_STRICT_OBJC_MSGSEND = YES;
				GCC_C_LANGUAGE_STANDARD = gnu11;
				GCC_NO_COMMON_BLOCKS = YES;
				GCC_WARN_64_TO_32_BIT_CONVERSION = YES;
				GCC_WARN_ABOUT_RETURN_TYPE = YES_ERROR;
				GCC_WARN_UNDECLARED_SELECTOR = YES;
				GCC_WARN_UNINITIALIZED_AUTOS = YES_AGGRESSIVE;
				GCC_WARN_UNUSED_FUNCTION = YES;
				GCC_WARN_UNUSED_VARIABLE = YES;
				IPHONEOS_DEPLOYMENT_TARGET = 13.0;
				MTL_ENABLE_DEBUG_INFO = NO;
				MTL_FAST_MATH = YES;
				SDKROOT = iphoneos;
				SWIFT_COMPILATION_MODE = wholemodule;
				SWIFT_OPTIMIZATION_LEVEL = "-O";
				VALIDATE_PRODUCT = YES;
			};
			name = Release;
		};
		8AFBF32C26A4424E00261CC7 /* Debug */ = {
			isa = XCBuildConfiguration;
			buildSettings = {
				ASSETCATALOG_COMPILER_APPICON_NAME = AppIcon;
				ASSETCATALOG_COMPILER_GLOBAL_ACCENT_COLOR_NAME = AccentColor;
				CODE_SIGN_STYLE = Automatic;
				DEVELOPMENT_ASSET_PATHS = "\"CarrotMarket/Preview Content\"";
				DEVELOPMENT_TEAM = XJXA3BQDMJ;
				ENABLE_PREVIEWS = YES;
				INFOPLIST_FILE = CarrotMarket/Info.plist;
				IPHONEOS_DEPLOYMENT_TARGET = 14.5;
				LD_RUNPATH_SEARCH_PATHS = (
					"$(inherited)",
					"@executable_path/Frameworks",
				);
				PRODUCT_BUNDLE_IDENTIFIER = memilgookbob.CarrotMarket;
				PRODUCT_NAME = "$(TARGET_NAME)";
				SWIFT_VERSION = 5.0;
				TARGETED_DEVICE_FAMILY = "1,2";
			};
			name = Debug;
		};
		8AFBF32D26A4424E00261CC7 /* Release */ = {
			isa = XCBuildConfiguration;
			buildSettings = {
				ASSETCATALOG_COMPILER_APPICON_NAME = AppIcon;
				ASSETCATALOG_COMPILER_GLOBAL_ACCENT_COLOR_NAME = AccentColor;
				CODE_SIGN_STYLE = Automatic;
				DEVELOPMENT_ASSET_PATHS = "\"CarrotMarket/Preview Content\"";
				DEVELOPMENT_TEAM = XJXA3BQDMJ;
				ENABLE_PREVIEWS = YES;
				INFOPLIST_FILE = CarrotMarket/Info.plist;
				IPHONEOS_DEPLOYMENT_TARGET = 14.5;
				LD_RUNPATH_SEARCH_PATHS = (
					"$(inherited)",
					"@executable_path/Frameworks",
				);
				PRODUCT_BUNDLE_IDENTIFIER = memilgookbob.CarrotMarket;
				PRODUCT_NAME = "$(TARGET_NAME)";
				SWIFT_VERSION = 5.0;
				TARGETED_DEVICE_FAMILY = "1,2";
			};
			name = Release;
		};
/* End XCBuildConfiguration section */

/* Begin XCConfigurationList section */
		8AFBF31726A4424E00261CC7 /* Build configuration list for PBXProject "CarrotMarket" */ = {
			isa = XCConfigurationList;
			buildConfigurations = (
				8AFBF32926A4424E00261CC7 /* Debug */,
				8AFBF32A26A4424E00261CC7 /* Release */,
			);
			defaultConfigurationIsVisible = 0;
			defaultConfigurationName = Release;
		};
		8AFBF32B26A4424E00261CC7 /* Build configuration list for PBXNativeTarget "CarrotMarket" */ = {
			isa = XCConfigurationList;
			buildConfigurations = (
				8AFBF32C26A4424E00261CC7 /* Debug */,
				8AFBF32D26A4424E00261CC7 /* Release */,
			);
			defaultConfigurationIsVisible = 0;
			defaultConfigurationName = Release;
		};
/* End XCConfigurationList section */
	};
	rootObject = 8AFBF31426A4424E00261CC7 /* Project object */;
}
